<?xml version="1.0" encoding="utf-8"?>
<Project ToolsVersion="4.0" xmlns="http://schemas.microsoft.com/developer/msbuild/2003">
  <ItemGroup>
    <Filter Include="imgui">
      <UniqueIdentifier>{0587d7a3-f2ce-4d56-b84f-a0005d3bfce6}</UniqueIdentifier>
    </Filter>
    <Filter Include="sources">
      <UniqueIdentifier>{08e36723-ce4f-4cff-9662-c40801cf1acf}</UniqueIdentifier>
    </Filter>
    <Filter Include="pictures">
      <UniqueIdentifier>{f881bc36-3152-4905-a2a8-02a8e71125ca}</UniqueIdentifier>
    </Filter>
    <Filter Include="fonts">
      <UniqueIdentifier>{352abc96-456a-4c01-ade5-f26dc9203f53}</UniqueIdentifier>
    </Filter>
    <Filter Include="icons">
      <UniqueIdentifier>{ea85fd09-6bce-457a-bbe4-4970b7bff116}</UniqueIdentifier>
    </Filter>
    <Filter Include="resources">
      <UniqueIdentifier>{469dade3-6acf-4bad-af6e-f433f3a044a9}</UniqueIdentifier>
    </Filter>
    <Filter Include="sources\RestAPI">
      <UniqueIdentifier>{6c2948c9-8608-4480-b56f-022517c0a900}</UniqueIdentifier>
    </Filter>
    <Filter Include="sources\RestAPI\Utils">
      <UniqueIdentifier>{4ea970ed-e5ab-44fe-b177-9296b2f03e37}</UniqueIdentifier>
    </Filter>
    <Filter Include="sources\RestAPI\Errors">
      <UniqueIdentifier>{17909478-5628-4b1a-b1a0-90c01aabee15}</UniqueIdentifier>
    </Filter>
    <Filter Include="sources\Features">
      <UniqueIdentifier>{a5f571bc-041a-4092-8f72-5f809b561278}</UniqueIdentifier>
    </Filter>
    <Filter Include="sources\Configs">
      <UniqueIdentifier>{5e86533a-4cbf-4e81-b908-b560b053952b}</UniqueIdentifier>
    </Filter>
    <Filter Include="sources\Features\Settings">
      <UniqueIdentifier>{939c3ef4-a474-4c60-afd5-60211f5851b6}</UniqueIdentifier>
    </Filter>
    <Filter Include="sources\RestAPI\Core">
      <UniqueIdentifier>{eae0d8df-9326-40ec-b22b-aba7a767db56}</UniqueIdentifier>
    </Filter>
    <Filter Include="sources\Features\License">
      <UniqueIdentifier>{03cd0351-e959-4ef9-97bd-ebb7d5997842}</UniqueIdentifier>
    </Filter>
    <Filter Include="sources\Inject">
      <UniqueIdentifier>{1e96fdf5-c018-40e5-a492-1d3c1c18969b}</UniqueIdentifier>
    </Filter>
  </ItemGroup>
  <ItemGroup>
    <ClInclude Include="..\..\imconfig.h">
      <Filter>imgui</Filter>
    </ClInclude>
    <ClInclude Include="..\..\imgui.h">
      <Filter>imgui</Filter>
    </ClInclude>
    <ClInclude Include="..\..\imgui_internal.h">
      <Filter>imgui</Filter>
    </ClInclude>
    <ClInclude Include="..\..\backends\imgui_impl_win32.h">
      <Filter>sources</Filter>
    </ClInclude>
    <ClInclude Include="..\..\backends\imgui_impl_dx11.h">
      <Filter>sources</Filter>
    </ClInclude>
    <ClInclude Include="main.h">
      <Filter>sources</Filter>
    </ClInclude>
    <ClInclude Include="colors.h">
      <Filter>sources</Filter>
    </ClInclude>
    <ClInclude Include="user_circle.h">
      <Filter>pictures</Filter>
    </ClInclude>
    <ClInclude Include="icon.h">
      <Filter>icons</Filter>
    </ClInclude>
    <ClInclude Include="inter.h">
      <Filter>fonts</Filter>
    </ClInclude>
    <ClInclude Include="Dots.h">
      <Filter>fonts</Filter>
    </ClInclude>
    <ClInclude Include="segue.h">
      <Filter>fonts</Filter>
    </ClInclude>
    <ClInclude Include="resource.h">
      <Filter>resources</Filter>
    </ClInclude>
    <ClInclude Include="RestAPI\Utils\Utils.hpp">
      <Filter>sources\RestAPI\Utils</Filter>
    </ClInclude>
    <ClInclude Include="RestAPI\Errors\ErrorHandler.hpp">
      <Filter>sources\RestAPI\Errors</Filter>
    </ClInclude>
    <ClInclude Include="Features\Features.hpp">
      <Filter>sources\Features</Filter>
    </ClInclude>
    <ClInclude Include="Configs\ConfigManager.hpp">
      <Filter>sources\Configs</Filter>
    </ClInclude>
    <ClInclude Include="Features\Settings\Keycodes.hpp">
      <Filter>sources\Features\Settings</Filter>
    </ClInclude>
    <ClInclude Include="conversion.hpp">
      <Filter>sources</Filter>
    </ClInclude>
    <ClInclude Include="RestAPI\Core\Client.hpp">
      <Filter>sources\RestAPI\Core</Filter>
    </ClInclude>
    <ClInclude Include="Features\License\License.hpp">
      <Filter>sources\Features\License</Filter>
    </ClInclude>
    <ClInclude Include="Inject\Injector.hpp">
      <Filter>sources\Inject</Filter>
    </ClInclude>
    <ClInclude Include="kogtevran_icon.h">
      <Filter>icons</Filter>
    </ClInclude>
    <ClInclude Include="nohurtcam_icon.h">
      <Filter>icons</Filter>
    </ClInclude>
    <ClInclude Include="velocity_icon.h">
      <Filter>icons</Filter>
    </ClInclude>
  </ItemGroup>
  <ItemGroup>
    <ClCompile Include="..\..\imgui.cpp">
      <Filter>imgui</Filter>
    </ClCompile>
    <ClCompile Include="main.cpp">
      <Filter>sources</Filter>
    </ClCompile>
    <ClCompile Include="..\..\imgui_demo.cpp">
      <Filter>imgui</Filter>
    </ClCompile>
    <ClCompile Include="..\..\imgui_draw.cpp">
      <Filter>imgui</Filter>
    </ClCompile>
    <ClCompile Include="..\..\backends\imgui_impl_win32.cpp">
      <Filter>sources</Filter>
    </ClCompile>
    <ClCompile Include="..\..\backends\imgui_impl_dx11.cpp">
      <Filter>sources</Filter>
    </ClCompile>
    <ClCompile Include="..\..\imgui_tables.cpp">
      <Filter>imgui</Filter>
    </ClCompile>
    <ClCompile Include="..\..\imgui_widgets.cpp">
      <Filter>imgui</Filter>
    </ClCompile>
    <ClCompile Include="RestAPI\Utils\Utils.cpp">
      <Filter>sources\RestAPI\Utils</Filter>
    </ClCompile>
    <ClCompile Include="RestAPI\Errors\ErrorHandler.cpp">
      <Filter>sources\RestAPI\Errors</Filter>
    </ClCompile>
    <ClCompile Include="Configs\ConfigManager.cpp">
      <Filter>sources\Configs</Filter>
    </ClCompile>
    <ClCompile Include="RestAPI\Core\Client.cpp">
      <Filter>sources\RestAPI\Core</Filter>
    </ClCompile>
    <ClCompile Include="Features\License\License.cpp">
      <Filter>sources\Features\License</Filter>
    </ClCompile>
    <ClCompile Include="Inject\Injector.cpp">
      <Filter>sources\Inject</Filter>
    </ClCompile>
  </ItemGroup>
  <ItemGroup>
    <None Include="..\..\misc\debuggers\imgui.natvis">
      <Filter>imgui</Filter>
    </None>
  </ItemGroup>
  <ItemGroup>
    <ResourceCompile Include="example_win32_directx11.rc">
      <Filter>resources</Filter>
    </ResourceCompile>
  </ItemGroup>
</Project>