<?xml version="1.0" encoding="utf-8"?>
<Project ToolsVersion="4.0" xmlns="http://schemas.microsoft.com/developer/msbuild/2003">
  <ItemGroup>
    <Filter Include="imgui">
      <UniqueIdentifier>{0587d7a3-f2ce-4d56-b84f-a0005d3bfce6}</UniqueIdentifier>
    </Filter>
    <Filter Include="sources">
      <UniqueIdentifier>{08e36723-ce4f-4cff-9662-c40801cf1acf}</UniqueIdentifier>
    </Filter>
    <Filter Include="pictures">
      <UniqueIdentifier>{f881bc36-3152-4905-a2a8-02a8e71125ca}</UniqueIdentifier>
    </Filter>
    <Filter Include="fonts">
      <UniqueIdentifier>{352abc96-456a-4c01-ade5-f26dc9203f53}</UniqueIdentifier>
    </Filter>
    <Filter Include="icons">
      <UniqueIdentifier>{ea85fd09-6bce-457a-bbe4-4970b7bff116}</UniqueIdentifier>
    </Filter>
    <Filter Include="resources">
      <UniqueIdentifier>{469dade3-6acf-4bad-af6e-f433f3a044a9}</UniqueIdentifier>
    </Filter>
    <Filter Include="sources\rest">
      <UniqueIdentifier>{f4e4d4c7-31fb-46d9-a72e-faa14c57362b}</UniqueIdentifier>
    </Filter>
    <Filter Include="sources\rest\utils">
      <UniqueIdentifier>{f9720785-dd41-4434-903c-c8e406ef8882}</UniqueIdentifier>
    </Filter>
  </ItemGroup>
  <ItemGroup>
    <ClInclude Include="..\..\imconfig.h">
      <Filter>imgui</Filter>
    </ClInclude>
    <ClInclude Include="..\..\imgui.h">
      <Filter>imgui</Filter>
    </ClInclude>
    <ClInclude Include="..\..\imgui_internal.h">
      <Filter>imgui</Filter>
    </ClInclude>
    <ClInclude Include="..\..\backends\imgui_impl_win32.h">
      <Filter>sources</Filter>
    </ClInclude>
    <ClInclude Include="..\..\backends\imgui_impl_dx11.h">
      <Filter>sources</Filter>
    </ClInclude>
    <ClInclude Include="main.h">
      <Filter>sources</Filter>
    </ClInclude>
    <ClInclude Include="colors.h">
      <Filter>sources</Filter>
    </ClInclude>
    <ClInclude Include="user_circle.h">
      <Filter>pictures</Filter>
    </ClInclude>
    <ClInclude Include="icon.h">
      <Filter>icons</Filter>
    </ClInclude>
    <ClInclude Include="inter.h">
      <Filter>fonts</Filter>
    </ClInclude>
    <ClInclude Include="Dots.h">
      <Filter>fonts</Filter>
    </ClInclude>
    <ClInclude Include="segue.h">
      <Filter>fonts</Filter>
    </ClInclude>
    <ClInclude Include="resource.h">
      <Filter>resources</Filter>
    </ClInclude>
    <ClInclude Include="rest\client.hpp">
      <Filter>sources\rest</Filter>
    </ClInclude>
    <ClInclude Include="rest\utils\utils.hpp">
      <Filter>sources\rest\utils</Filter>
    </ClInclude>
    <ClInclude Include="rest\utils\errorhandler.hpp">
      <Filter>sources\rest\utils</Filter>
    </ClInclude>
  </ItemGroup>
  <ItemGroup>
    <ClCompile Include="..\..\imgui.cpp">
      <Filter>imgui</Filter>
    </ClCompile>
    <ClCompile Include="main.cpp">
      <Filter>sources</Filter>
    </ClCompile>
    <ClCompile Include="..\..\imgui_demo.cpp">
      <Filter>imgui</Filter>
    </ClCompile>
    <ClCompile Include="..\..\imgui_draw.cpp">
      <Filter>imgui</Filter>
    </ClCompile>
    <ClCompile Include="..\..\backends\imgui_impl_win32.cpp">
      <Filter>sources</Filter>
    </ClCompile>
    <ClCompile Include="..\..\backends\imgui_impl_dx11.cpp">
      <Filter>sources</Filter>
    </ClCompile>
    <ClCompile Include="..\..\imgui_tables.cpp">
      <Filter>imgui</Filter>
    </ClCompile>
    <ClCompile Include="..\..\imgui_widgets.cpp">
      <Filter>imgui</Filter>
    </ClCompile>
    <ClCompile Include="rest\client.cpp">
      <Filter>sources\rest</Filter>
    </ClCompile>
    <ClCompile Include="rest\utils\utils.cpp">
      <Filter>sources\rest\utils</Filter>
    </ClCompile>
    <ClCompile Include="rest\utils\errorhandler.cpp">
      <Filter>sources\rest\utils</Filter>
    </ClCompile>
  </ItemGroup>
  <ItemGroup>
    <None Include="..\..\misc\debuggers\imgui.natvis">
      <Filter>imgui</Filter>
    </None>
  </ItemGroup>
  <ItemGroup>
    <ResourceCompile Include="example_win32_directx11.rc">
      <Filter>resources</Filter>
    </ResourceCompile>
  </ItemGroup>
  <ItemGroup>
    <Image Include="..\..\resources\logo.ico">
      <Filter>resources</Filter>
    </Image>
  </ItemGroup>
</Project>